
Microsoft Visual Studio Solution File, Format Version 12.00
# Visual Studio Version 17
VisualStudioVersion = 17.4.33403.182
MinimumVisualStudioVersion = 10.0.40219.1
Project("{FAE04EC0-301F-11D3-BF4B-00C04F79EFBC}") = "MagicVilla_VillaAPI", "MagicVilla_VillaAPI\MagicVilla_VillaAPI.csproj", "{32962176-3919-4E51-8F2E-C1BB8E00D9F0}"
EndProject
Global
	GlobalSection(SolutionConfigurationPlatforms) = preSolution
		Debug|Any CPU = Debug|Any CPU
		Release|Any CPU = Release|Any CPU
	EndGlobalSection
	GlobalSection(ProjectConfigurationPlatforms) = postSolution
		{32962176-3919-4E51-8F2E-C1BB8E00D9F0}.Debug|Any CPU.ActiveCfg = Debug|Any CPU
		{32962176-3919-4E51-8F2E-C1BB8E00D9F0}.Debug|Any CPU.Build.0 = Debug|Any CPU
		{32962176-3919-4E51-8F2E-C1BB8E00D9F0}.Release|Any CPU.ActiveCfg = Release|Any CPU
		{32962176-3919-4E51-8F2E-C1BB8E00D9F0}.Release|Any CPU.Build.0 = Release|Any CPU
	EndGlobalSection
	GlobalSection(SolutionProperties) = preSolution
		HideSolutionNode = FALSE
	EndGlobalSection
	GlobalSection(ExtensibilityGlobals) = postSolution
		SolutionGuid = {C8A410A4-DA20-498A-8E1C-8DC0D2B0A865}
	EndGlobalSection
EndGlobal
